// !$*UTF8*$!
{
	archiveVersion = 1;
	classes = {
	};
	objectVersion = 56;
	objects = {

/* Begin PBXBuildFile section */
		1091D325870193BD86C264AF /* Pods_OTUS_Module_HomeProject.framework in Frameworks */ = {isa = PBXBuildFile; fileRef = D318A5B335E56B36802F88D1 /* Pods_OTUS_Module_HomeProject.framework */; };
		401084212954BBEA00D1EC5A /* OTUS_Module_HomeProject.docc in Sources */ = {isa = PBXBuildFile; fileRef = 401084202954BBEA00D1EC5A /* OTUS_Module_HomeProject.docc */; };
		401084222954BBEA00D1EC5A /* OTUS_Module_HomeProject.h in Headers */ = {isa = PBXBuildFile; fileRef = 4010841F2954BBEA00D1EC5A /* OTUS_Module_HomeProject.h */; settings = {ATTRIBUTES = (Public, ); }; };
		4077A2592954C59400ED4967 /* MainViewController.swift in Sources */ = {isa = PBXBuildFile; fileRef = 4077A2582954C59400ED4967 /* MainViewController.swift */; };
/* End PBXBuildFile section */

/* Begin PBXFileReference section */
		3612FFC25CDD631E236D3BB0 /* Pods-OTUS_Module_HomeProject.debug.xcconfig */ = {isa = PBXFileReference; includeInIndex = 1; lastKnownFileType = text.xcconfig; name = "Pods-OTUS_Module_HomeProject.debug.xcconfig"; path = "Target Support Files/Pods-OTUS_Module_HomeProject/Pods-OTUS_Module_HomeProject.debug.xcconfig"; sourceTree = "<group>"; };
		4010841C2954BBEA00D1EC5A /* OTUS_Module_HomeProject.framework */ = {isa = PBXFileReference; explicitFileType = wrapper.framework; includeInIndex = 0; path = OTUS_Module_HomeProject.framework; sourceTree = BUILT_PRODUCTS_DIR; };
		4010841F2954BBEA00D1EC5A /* OTUS_Module_HomeProject.h */ = {isa = PBXFileReference; lastKnownFileType = sourcecode.c.h; path = OTUS_Module_HomeProject.h; sourceTree = "<group>"; };
		401084202954BBEA00D1EC5A /* OTUS_Module_HomeProject.docc */ = {isa = PBXFileReference; lastKnownFileType = folder.documentationcatalog; path = OTUS_Module_HomeProject.docc; sourceTree = "<group>"; };
		4077A2582954C59400ED4967 /* MainViewController.swift */ = {isa = PBXFileReference; lastKnownFileType = sourcecode.swift; path = MainViewController.swift; sourceTree = "<group>"; };
		6BE78BA781B652E9AE14263C /* Pods-OTUS_Module_HomeProject.release.xcconfig */ = {isa = PBXFileReference; includeInIndex = 1; lastKnownFileType = text.xcconfig; name = "Pods-OTUS_Module_HomeProject.release.xcconfig"; path = "Target Support Files/Pods-OTUS_Module_HomeProject/Pods-OTUS_Module_HomeProject.release.xcconfig"; sourceTree = "<group>"; };
		D318A5B335E56B36802F88D1 /* Pods_OTUS_Module_HomeProject.framework */ = {isa = PBXFileReference; explicitFileType = wrapper.framework; includeInIndex = 0; path = Pods_OTUS_Module_HomeProject.framework; sourceTree = BUILT_PRODUCTS_DIR; };
/* End PBXFileReference section */

/* Begin PBXFrameworksBuildPhase section */
		401084192954BBEA00D1EC5A /* Frameworks */ = {
			isa = PBXFrameworksBuildPhase;
			buildActionMask = 2147483647;
			files = (
				1091D325870193BD86C264AF /* Pods_OTUS_Module_HomeProject.framework in Frameworks */,
			);
			runOnlyForDeploymentPostprocessing = 0;
		};
/* End PBXFrameworksBuildPhase section */

/* Begin PBXGroup section */
		401084122954BBEA00D1EC5A = {
			isa = PBXGroup;
			children = (
				4010841E2954BBEA00D1EC5A /* OTUS_Module_HomeProject */,
				4010841D2954BBEA00D1EC5A /* Products */,
				92917720883EA99F5C343867 /* Pods */,
				7A5C9230A0C5324F9A248717 /* Frameworks */,
			);
			sourceTree = "<group>";
		};
		4010841D2954BBEA00D1EC5A /* Products */ = {
			isa = PBXGroup;
			children = (
				4010841C2954BBEA00D1EC5A /* OTUS_Module_HomeProject.framework */,
			);
			name = Products;
			sourceTree = "<group>";
		};
		4010841E2954BBEA00D1EC5A /* OTUS_Module_HomeProject */ = {
			isa = PBXGroup;
			children = (
				4010841F2954BBEA00D1EC5A /* OTUS_Module_HomeProject.h */,
				401084202954BBEA00D1EC5A /* OTUS_Module_HomeProject.docc */,
				4077A2582954C59400ED4967 /* MainViewController.swift */,
			);
			path = OTUS_Module_HomeProject;
			sourceTree = "<group>";
		};
		7A5C9230A0C5324F9A248717 /* Frameworks */ = {
			isa = PBXGroup;
			children = (
				D318A5B335E56B36802F88D1 /* Pods_OTUS_Module_HomeProject.framework */,
			);
			name = Frameworks;
			sourceTree = "<group>";
		};
		92917720883EA99F5C343867 /* Pods */ = {
			isa = PBXGroup;
			children = (
				3612FFC25CDD631E236D3BB0 /* Pods-OTUS_Module_HomeProject.debug.xcconfig */,
				6BE78BA781B652E9AE14263C /* Pods-OTUS_Module_HomeProject.release.xcconfig */,
			);
			path = Pods;
			sourceTree = "<group>";
		};
/* End PBXGroup section */

/* Begin PBXHeadersBuildPhase section */
		401084172954BBEA00D1EC5A /* Headers */ = {
			isa = PBXHeadersBuildPhase;
			buildActionMask = 2147483647;
			files = (
				401084222954BBEA00D1EC5A /* OTUS_Module_HomeProject.h in Headers */,
			);
			runOnlyForDeploymentPostprocessing = 0;
		};
/* End PBXHeadersBuildPhase section */

/* Begin PBXNativeTarget section */
		4010841B2954BBEA00D1EC5A /* OTUS_Module_HomeProject */ = {
			isa = PBXNativeTarget;
			buildConfigurationList = 401084252954BBEA00D1EC5A /* Build configuration list for PBXNativeTarget "OTUS_Module_HomeProject" */;
			buildPhases = (
				34ABAA0F5D40E1B1CE7FA736 /* [CP] Check Pods Manifest.lock */,
				401084172954BBEA00D1EC5A /* Headers */,
				401084182954BBEA00D1EC5A /* Sources */,
				401084192954BBEA00D1EC5A /* Frameworks */,
				4010841A2954BBEA00D1EC5A /* Resources */,
			);
			buildRules = (
			);
			dependencies = (
			);
			name = OTUS_Module_HomeProject;
			productName = OTUS_Module_HomeProject;
			productReference = 4010841C2954BBEA00D1EC5A /* OTUS_Module_HomeProject.framework */;
			productType = "com.apple.product-type.framework";
		};
/* End PBXNativeTarget section */

/* Begin PBXProject section */
		401084132954BBEA00D1EC5A /* Project object */ = {
			isa = PBXProject;
			attributes = {
				BuildIndependentTargetsInParallel = 1;
				LastUpgradeCheck = 1410;
				TargetAttributes = {
					4010841B2954BBEA00D1EC5A = {
						CreatedOnToolsVersion = 14.1;
					};
				};
			};
			buildConfigurationList = 401084162954BBEA00D1EC5A /* Build configuration list for PBXProject "OTUS_Module_HomeProject" */;
			compatibilityVersion = "Xcode 14.0";
			developmentRegion = en;
			hasScannedForEncodings = 0;
			knownRegions = (
				en,
				Base,
			);
			mainGroup = 401084122954BBEA00D1EC5A;
			productRefGroup = 4010841D2954BBEA00D1EC5A /* Products */;
			projectDirPath = "";
			projectRoot = "";
			targets = (
				4010841B2954BBEA00D1EC5A /* OTUS_Module_HomeProject */,
			);
		};
/* End PBXProject section */

/* Begin PBXResourcesBuildPhase section */
		4010841A2954BBEA00D1EC5A /* Resources */ = {
			isa = PBXResourcesBuildPhase;
			buildActionMask = 2147483647;
			files = (
			);
			runOnlyForDeploymentPostprocessing = 0;
		};
/* End PBXResourcesBuildPhase section */

/* Begin PBXShellScriptBuildPhase section */
		34ABAA0F5D40E1B1CE7FA736 /* [CP] Check Pods Manifest.lock */ = {
			isa = PBXShellScriptBuildPhase;
			buildActionMask = 2147483647;
			files = (
			);
			inputFileListPaths = (
			);
			inputPaths = (
				"${PODS_PODFILE_DIR_PATH}/Podfile.lock",
				"${PODS_ROOT}/Manifest.lock",
			);
			name = "[CP] Check Pods Manifest.lock";
			outputFileListPaths = (
			);
			outputPaths = (
				"$(DERIVED_FILE_DIR)/Pods-OTUS_Module_HomeProject-checkManifestLockResult.txt",
			);
			runOnlyForDeploymentPostprocessing = 0;
			shellPath = /bin/sh;
			shellScript = "diff \"${PODS_PODFILE_DIR_PATH}/Podfile.lock\" \"${PODS_ROOT}/Manifest.lock\" > /dev/null\nif [ $? != 0 ] ; then\n    # print error to STDERR\n    echo \"error: The sandbox is not in sync with the Podfile.lock. Run 'pod install' or update your CocoaPods installation.\" >&2\n    exit 1\nfi\n# This output is used by Xcode 'outputs' to avoid re-running this script phase.\necho \"SUCCESS\" > \"${SCRIPT_OUTPUT_FILE_0}\"\n";
			showEnvVarsInLog = 0;
		};
/* End PBXShellScriptBuildPhase section */

/* Begin PBXSourcesBuildPhase section */
		401084182954BBEA00D1EC5A /* Sources */ = {
			isa = PBXSourcesBuildPhase;
			buildActionMask = 2147483647;
			files = (
				401084212954BBEA00D1EC5A /* OTUS_Module_HomeProject.docc in Sources */,
				4077A2592954C59400ED4967 /* MainViewController.swift in Sources */,
			);
			runOnlyForDeploymentPostprocessing = 0;
		};
/* End PBXSourcesBuildPhase section */

/* Begin XCBuildConfiguration section */
		401084232954BBEA00D1EC5A /* Debug */ = {
			isa = XCBuildConfiguration;
			buildSettings = {
				ALWAYS_SEARCH_USER_PATHS = NO;
				CLANG_ANALYZER_NONNULL = YES;
				CLANG_ANALYZER_NUMBER_OBJECT_CONVERSION = YES_AGGRESSIVE;
				CLANG_CXX_LANGUAGE_STANDARD = "gnu++20";
				CLANG_ENABLE_MODULES = YES;
				CLANG_ENABLE_OBJC_ARC = YES;
				CLANG_ENABLE_OBJC_WEAK = YES;
				CLANG_WARN_BLOCK_CAPTURE_AUTORELEASING = YES;
				CLANG_WARN_BOOL_CONVERSION = YES;
				CLANG_WARN_COMMA = YES;
				CLANG_WARN_CONSTANT_CONVERSION = YES;
				CLANG_WARN_DEPRECATED_OBJC_IMPLEMENTATIONS = YES;
				CLANG_WARN_DIRECT_OBJC_ISA_USAGE = YES_ERROR;
				CLANG_WARN_DOCUMENTATION_COMMENTS = YES;
				CLANG_WARN_EMPTY_BODY = YES;
				CLANG_WARN_ENUM_CONVERSION = YES;
				CLANG_WARN_INFINITE_RECURSION = YES;
				CLANG_WARN_INT_CONVERSION = YES;
				CLANG_WARN_NON_LITERAL_NULL_CONVERSION = YES;
				CLANG_WARN_OBJC_IMPLICIT_RETAIN_SELF = YES;
				CLANG_WARN_OBJC_LITERAL_CONVERSION = YES;
				CLANG_WARN_OBJC_ROOT_CLASS = YES_ERROR;
				CLANG_WARN_QUOTED_INCLUDE_IN_FRAMEWORK_HEADER = YES;
				CLANG_WARN_RANGE_LOOP_ANALYSIS = YES;
				CLANG_WARN_STRICT_PROTOTYPES = YES;
				CLANG_WARN_SUSPICIOUS_MOVE = YES;
				CLANG_WARN_UNGUARDED_AVAILABILITY = YES_AGGRESSIVE;
				CLANG_WARN_UNREACHABLE_CODE = YES;
				CLANG_WARN__DUPLICATE_METHOD_MATCH = YES;
				COPY_PHASE_STRIP = NO;
				CURRENT_PROJECT_VERSION = 1;
				DEBUG_INFORMATION_FORMAT = dwarf;
				ENABLE_STRICT_OBJC_MSGSEND = YES;
				ENABLE_TESTABILITY = YES;
				GCC_C_LANGUAGE_STANDARD = gnu11;
				GCC_DYNAMIC_NO_PIC = NO;
				GCC_NO_COMMON_BLOCKS = YES;
				GCC_OPTIMIZATION_LEVEL = 0;
				GCC_PREPROCESSOR_DEFINITIONS = (
					"DEBUG=1",
					"$(inherited)",
				);
				GCC_WARN_64_TO_32_BIT_CONVERSION = YES;
				GCC_WARN_ABOUT_RETURN_TYPE = YES_ERROR;
				GCC_WARN_UNDECLARED_SELECTOR = YES;
				GCC_WARN_UNINITIALIZED_AUTOS = YES_AGGRESSIVE;
				GCC_WARN_UNUSED_FUNCTION = YES;
				GCC_WARN_UNUSED_VARIABLE = YES;
				IPHONEOS_DEPLOYMENT_TARGET = 16.1;
				MTL_ENABLE_DEBUG_INFO = INCLUDE_SOURCE;
				MTL_FAST_MATH = YES;
				ONLY_ACTIVE_ARCH = YES;
				SDKROOT = iphoneos;
				SWIFT_ACTIVE_COMPILATION_CONDITIONS = DEBUG;
				SWIFT_OPTIMIZATION_LEVEL = "-Onone";
				VERSIONING_SYSTEM = "apple-generic";
				VERSION_INFO_PREFIX = "";
			};
			name = Debug;
		};
		401084242954BBEA00D1EC5A /* Release */ = {
			isa = XCBuildConfiguration;
			buildSettings = {
				ALWAYS_SEARCH_USER_PATHS = NO;
				CLANG_ANALYZER_NONNULL = YES;
				CLANG_ANALYZER_NUMBER_OBJECT_CONVERSION = YES_AGGRESSIVE;
				CLANG_CXX_LANGUAGE_STANDARD = "gnu++20";
				CLANG_ENABLE_MODULES = YES;
				CLANG_ENABLE_OBJC_ARC = YES;
				CLANG_ENABLE_OBJC_WEAK = YES;
				CLANG_WARN_BLOCK_CAPTURE_AUTORELEASING = YES;
				CLANG_WARN_BOOL_CONVERSION = YES;
				CLANG_WARN_COMMA = YES;
				CLANG_WARN_CONSTANT_CONVERSION = YES;
				CLANG_WARN_DEPRECATED_OBJC_IMPLEMENTATIONS = YES;
				CLANG_WARN_DIRECT_OBJC_ISA_USAGE = YES_ERROR;
				CLANG_WARN_DOCUMENTATION_COMMENTS = YES;
				CLANG_WARN_EMPTY_BODY = YES;
				CLANG_WARN_ENUM_CONVERSION = YES;
				CLANG_WARN_INFINITE_RECURSION = YES;
				CLANG_WARN_INT_CONVERSION = YES;
				CLANG_WARN_NON_LITERAL_NULL_CONVERSION = YES;
				CLANG_WARN_OBJC_IMPLICIT_RETAIN_SELF = YES;
				CLANG_WARN_OBJC_LITERAL_CONVERSION = YES;
				CLANG_WARN_OBJC_ROOT_CLASS = YES_ERROR;
				CLANG_WARN_QUOTED_INCLUDE_IN_FRAMEWORK_HEADER = YES;
				CLANG_WARN_RANGE_LOOP_ANALYSIS = YES;
				CLANG_WARN_STRICT_PROTOTYPES = YES;
				CLANG_WARN_SUSPICIOUS_MOVE = YES;
				CLANG_WARN_UNGUARDED_AVAILABILITY = YES_AGGRESSIVE;
				CLANG_WARN_UNREACHABLE_CODE = YES;
				CLANG_WARN__DUPLICATE_METHOD_MATCH = YES;
				COPY_PHASE_STRIP = NO;
				CURRENT_PROJECT_VERSION = 1;
				DEBUG_INFORMATION_FORMAT = "dwarf-with-dsym";
				ENABLE_NS_ASSERTIONS = NO;
				ENABLE_STRICT_OBJC_MSGSEND = YES;
				GCC_C_LANGUAGE_STANDARD = gnu11;
				GCC_NO_COMMON_BLOCKS = YES;
				GCC_WARN_64_TO_32_BIT_CONVERSION = YES;
				GCC_WARN_ABOUT_RETURN_TYPE = YES_ERROR;
				GCC_WARN_UNDECLARED_SELECTOR = YES;
				GCC_WARN_UNINITIALIZED_AUTOS = YES_AGGRESSIVE;
				GCC_WARN_UNUSED_FUNCTION = YES;
				GCC_WARN_UNUSED_VARIABLE = YES;
				IPHONEOS_DEPLOYMENT_TARGET = 16.1;
				MTL_ENABLE_DEBUG_INFO = NO;
				MTL_FAST_MATH = YES;
				SDKROOT = iphoneos;
				SWIFT_COMPILATION_MODE = wholemodule;
				SWIFT_OPTIMIZATION_LEVEL = "-O";
				VALIDATE_PRODUCT = YES;
				VERSIONING_SYSTEM = "apple-generic";
				VERSION_INFO_PREFIX = "";
			};
			name = Release;
		};
		401084262954BBEA00D1EC5A /* Debug */ = {
			isa = XCBuildConfiguration;
			baseConfigurationReference = 3612FFC25CDD631E236D3BB0 /* Pods-OTUS_Module_HomeProject.debug.xcconfig */;
			buildSettings = {
				CODE_SIGN_STYLE = Automatic;
				CURRENT_PROJECT_VERSION = 1;
				DEFINES_MODULE = YES;
				DEVELOPMENT_TEAM = L5HBWMWK65;
				DYLIB_COMPATIBILITY_VERSION = 1;
				DYLIB_CURRENT_VERSION = 1;
				DYLIB_INSTALL_NAME_BASE = "@rpath";
				GENERATE_INFOPLIST_FILE = YES;
				INFOPLIST_KEY_NSHumanReadableCopyright = "";
				INSTALL_PATH = "$(LOCAL_LIBRARY_DIR)/Frameworks";
				IPHONEOS_DEPLOYMENT_TARGET = 13.0;
				LD_RUNPATH_SEARCH_PATHS = (
					"$(inherited)",
					"@executable_path/Frameworks",
					"@loader_path/Frameworks",
				);
				MARKETING_VERSION = 1.0;
				PRODUCT_BUNDLE_IDENTIFIER = "iwazovsky.OTUS-Module-HomeProject";
				PRODUCT_NAME = "$(TARGET_NAME:c99extidentifier)";
				SKIP_INSTALL = YES;
				SUPPORTED_PLATFORMS = "iphoneos iphonesimulator";
				SUPPORTS_MACCATALYST = NO;
				SUPPORTS_MAC_DESIGNED_FOR_IPHONE_IPAD = NO;
				SWIFT_EMIT_LOC_STRINGS = YES;
				SWIFT_VERSION = 5.0;
				TARGETED_DEVICE_FAMILY = 1;
			};
			name = Debug;
		};
		401084272954BBEA00D1EC5A /* Release */ = {
			isa = XCBuildConfiguration;
			baseConfigurationReference = 6BE78BA781B652E9AE14263C /* Pods-OTUS_Module_HomeProject.release.xcconfig */;
			buildSettings = {
				CODE_SIGN_STYLE = Automatic;
				CURRENT_PROJECT_VERSION = 1;
				DEFINES_MODULE = YES;
				DEVELOPMENT_TEAM = L5HBWMWK65;
				DYLIB_COMPATIBILITY_VERSION = 1;
				DYLIB_CURRENT_VERSION = 1;
				DYLIB_INSTALL_NAME_BASE = "@rpath";
				GENERATE_INFOPLIST_FILE = YES;
				INFOPLIST_KEY_NSHumanReadableCopyright = "";
				INSTALL_PATH = "$(LOCAL_LIBRARY_DIR)/Frameworks";
				IPHONEOS_DEPLOYMENT_TARGET = 13.0;
				LD_RUNPATH_SEARCH_PATHS = (
					"$(inherited)",
					"@executable_path/Frameworks",
					"@loader_path/Frameworks",
				);
				MARKETING_VERSION = 1.0;
				PRODUCT_BUNDLE_IDENTIFIER = "iwazovsky.OTUS-Module-HomeProject";
				PRODUCT_NAME = "$(TARGET_NAME:c99extidentifier)";
				SKIP_INSTALL = YES;
				SUPPORTED_PLATFORMS = "iphoneos iphonesimulator";
				SUPPORTS_MACCATALYST = NO;
				SUPPORTS_MAC_DESIGNED_FOR_IPHONE_IPAD = NO;
				SWIFT_EMIT_LOC_STRINGS = YES;
				SWIFT_VERSION = 5.0;
				TARGETED_DEVICE_FAMILY = 1;
			};
			name = Release;
		};
/* End XCBuildConfiguration section */

/* Begin XCConfigurationList section */
		401084162954BBEA00D1EC5A /* Build configuration list for PBXProject "OTUS_Module_HomeProject" */ = {
			isa = XCConfigurationList;
			buildConfigurations = (
				401084232954BBEA00D1EC5A /* Debug */,
				401084242954BBEA00D1EC5A /* Release */,
			);
			defaultConfigurationIsVisible = 0;
			defaultConfigurationName = Release;
		};
		401084252954BBEA00D1EC5A /* Build configuration list for PBXNativeTarget "OTUS_Module_HomeProject" */ = {
			isa = XCConfigurationList;
			buildConfigurations = (
				401084262954BBEA00D1EC5A /* Debug */,
				401084272954BBEA00D1EC5A /* Release */,
			);
			defaultConfigurationIsVisible = 0;
			defaultConfigurationName = Release;
		};
/* End XCConfigurationList section */
	};
	rootObject = 401084132954BBEA00D1EC5A /* Project object */;
}
